// !$*UTF8*$!
{
	archiveVersion = 1;
	classes = {
	};
	objectVersion = 50;
	objects = {

/* Begin PBXBuildFile section */
		0B74750A22D36AE2002A9C34 /* AppDelegate.swift in Sources */ = {isa = PBXBuildFile; fileRef = 0B74750922D36AE2002A9C34 /* AppDelegate.swift */; };
		0B74750F22D36AE2002A9C34 /* Main.storyboard in Resources */ = {isa = PBXBuildFile; fileRef = 0B74750D22D36AE2002A9C34 /* Main.storyboard */; };
		0B74751122D36AE3002A9C34 /* Assets.xcassets in Resources */ = {isa = PBXBuildFile; fileRef = 0B74751022D36AE3002A9C34 /* Assets.xcassets */; };
		0B74751422D36AE3002A9C34 /* LaunchScreen.storyboard in Resources */ = {isa = PBXBuildFile; fileRef = 0B74751222D36AE3002A9C34 /* LaunchScreen.storyboard */; };
		0B74751C22D36B81002A9C34 /* TodosController.swift in Sources */ = {isa = PBXBuildFile; fileRef = 0B74751B22D36B81002A9C34 /* TodosController.swift */; };
		0B74752122D4BFBD002A9C34 /* TodoCell.swift in Sources */ = {isa = PBXBuildFile; fileRef = 0B74752022D4BFBD002A9C34 /* TodoCell.swift */; };
		0B74752322D60F0F002A9C34 /* Todo.swift in Sources */ = {isa = PBXBuildFile; fileRef = 0B74752222D60F0F002A9C34 /* Todo.swift */; };
		0B74752522D7670E002A9C34 /* TodoController.swift in Sources */ = {isa = PBXBuildFile; fileRef = 0B74752422D7670E002A9C34 /* TodoController.swift */; };
/* End PBXBuildFile section */

/* Begin PBXFileReference section */
		0B74750622D36AE2002A9C34 /* Todos.app */ = {isa = PBXFileReference; explicitFileType = wrapper.application; includeInIndex = 0; path = Todos.app; sourceTree = BUILT_PRODUCTS_DIR; };
		0B74750922D36AE2002A9C34 /* AppDelegate.swift */ = {isa = PBXFileReference; lastKnownFileType = sourcecode.swift; path = AppDelegate.swift; sourceTree = "<group>"; };
		0B74750E22D36AE2002A9C34 /* Base */ = {isa = PBXFileReference; lastKnownFileType = file.storyboard; name = Base; path = Base.lproj/Main.storyboard; sourceTree = "<group>"; };
		0B74751022D36AE3002A9C34 /* Assets.xcassets */ = {isa = PBXFileReference; lastKnownFileType = folder.assetcatalog; path = Assets.xcassets; sourceTree = "<group>"; };
		0B74751322D36AE3002A9C34 /* Base */ = {isa = PBXFileReference; lastKnownFileType = file.storyboard; name = Base; path = Base.lproj/LaunchScreen.storyboard; sourceTree = "<group>"; };
		0B74751522D36AE3002A9C34 /* Info.plist */ = {isa = PBXFileReference; lastKnownFileType = text.plist.xml; path = Info.plist; sourceTree = "<group>"; };
		0B74751B22D36B81002A9C34 /* TodosController.swift */ = {isa = PBXFileReference; lastKnownFileType = sourcecode.swift; path = TodosController.swift; sourceTree = "<group>"; };
		0B74752022D4BFBD002A9C34 /* TodoCell.swift */ = {isa = PBXFileReference; lastKnownFileType = sourcecode.swift; path = TodoCell.swift; sourceTree = "<group>"; };
		0B74752222D60F0F002A9C34 /* Todo.swift */ = {isa = PBXFileReference; lastKnownFileType = sourcecode.swift; path = Todo.swift; sourceTree = "<group>"; };
		0B74752422D7670E002A9C34 /* TodoController.swift */ = {isa = PBXFileReference; lastKnownFileType = sourcecode.swift; path = TodoController.swift; sourceTree = "<group>"; };
/* End PBXFileReference section */

/* Begin PBXFrameworksBuildPhase section */
		0B74750322D36AE2002A9C34 /* Frameworks */ = {
			isa = PBXFrameworksBuildPhase;
			buildActionMask = 2147483647;
			files = (
			);
			runOnlyForDeploymentPostprocessing = 0;
		};
/* End PBXFrameworksBuildPhase section */

/* Begin PBXGroup section */
		0B7474FD22D36AE2002A9C34 = {
			isa = PBXGroup;
			children = (
				0B74750822D36AE2002A9C34 /* Todos */,
				0B74750722D36AE2002A9C34 /* Products */,
			);
			sourceTree = "<group>";
		};
		0B74750722D36AE2002A9C34 /* Products */ = {
			isa = PBXGroup;
			children = (
				0B74750622D36AE2002A9C34 /* Todos.app */,
			);
			name = Products;
			sourceTree = "<group>";
		};
		0B74750822D36AE2002A9C34 /* Todos */ = {
			isa = PBXGroup;
			children = (
				0B74751F22D36BB7002A9C34 /* Model */,
				0B74751D22D36B99002A9C34 /* Controller */,
				0B74751E22D36BAD002A9C34 /* View */,
				0B74751022D36AE3002A9C34 /* Assets.xcassets */,
				0B74751522D36AE3002A9C34 /* Info.plist */,
			);
			path = Todos;
			sourceTree = "<group>";
		};
		0B74751D22D36B99002A9C34 /* Controller */ = {
			isa = PBXGroup;
			children = (
				0B74750922D36AE2002A9C34 /* AppDelegate.swift */,
				0B74751B22D36B81002A9C34 /* TodosController.swift */,
				0B74752022D4BFBD002A9C34 /* TodoCell.swift */,
				0B74752422D7670E002A9C34 /* TodoController.swift */,
			);
			path = Controller;
			sourceTree = "<group>";
		};
		0B74751E22D36BAD002A9C34 /* View */ = {
			isa = PBXGroup;
			children = (
				0B74750D22D36AE2002A9C34 /* Main.storyboard */,
				0B74751222D36AE3002A9C34 /* LaunchScreen.storyboard */,
			);
			path = View;
			sourceTree = "<group>";
		};
		0B74751F22D36BB7002A9C34 /* Model */ = {
			isa = PBXGroup;
			children = (
				0B74752222D60F0F002A9C34 /* Todo.swift */,
			);
			path = Model;
			sourceTree = "<group>";
		};
/* End PBXGroup section */

/* Begin PBXNativeTarget section */
		0B74750522D36AE2002A9C34 /* Todos */ = {
			isa = PBXNativeTarget;
			buildConfigurationList = 0B74751822D36AE3002A9C34 /* Build configuration list for PBXNativeTarget "Todos" */;
			buildPhases = (
				0B74750222D36AE2002A9C34 /* Sources */,
				0B74750322D36AE2002A9C34 /* Frameworks */,
				0B74750422D36AE2002A9C34 /* Resources */,
			);
			buildRules = (
			);
			dependencies = (
			);
			name = Todos;
			productName = Todos;
			productReference = 0B74750622D36AE2002A9C34 /* Todos.app */;
			productType = "com.apple.product-type.application";
		};
/* End PBXNativeTarget section */

/* Begin PBXProject section */
		0B7474FE22D36AE2002A9C34 /* Project object */ = {
			isa = PBXProject;
			attributes = {
				LastSwiftUpdateCheck = 1020;
				LastUpgradeCheck = 1020;
				ORGANIZATIONNAME = Peng;
				TargetAttributes = {
					0B74750522D36AE2002A9C34 = {
						CreatedOnToolsVersion = 10.2.1;
					};
				};
			};
			buildConfigurationList = 0B74750122D36AE2002A9C34 /* Build configuration list for PBXProject "Todos" */;
			compatibilityVersion = "Xcode 9.3";
			developmentRegion = en;
			hasScannedForEncodings = 0;
			knownRegions = (
				en,
				Base,
			);
			mainGroup = 0B7474FD22D36AE2002A9C34;
			productRefGroup = 0B74750722D36AE2002A9C34 /* Products */;
			projectDirPath = "";
			projectRoot = "";
			targets = (
				0B74750522D36AE2002A9C34 /* Todos */,
			);
		};
/* End PBXProject section */

/* Begin PBXResourcesBuildPhase section */
		0B74750422D36AE2002A9C34 /* Resources */ = {
			isa = PBXResourcesBuildPhase;
			buildActionMask = 2147483647;
			files = (
				0B74751422D36AE3002A9C34 /* LaunchScreen.storyboard in Resources */,
				0B74751122D36AE3002A9C34 /* Assets.xcassets in Resources */,
				0B74750F22D36AE2002A9C34 /* Main.storyboard in Resources */,
			);
			runOnlyForDeploymentPostprocessing = 0;
		};
/* End PBXResourcesBuildPhase section */

/* Begin PBXSourcesBuildPhase section */
		0B74750222D36AE2002A9C34 /* Sources */ = {
			isa = PBXSourcesBuildPhase;
			buildActionMask = 2147483647;
			files = (
				0B74750A22D36AE2002A9C34 /* AppDelegate.swift in Sources */,
				0B74752122D4BFBD002A9C34 /* TodoCell.swift in Sources */,
				0B74751C22D36B81002A9C34 /* TodosController.swift in Sources */,
				0B74752322D60F0F002A9C34 /* Todo.swift in Sources */,
				0B74752522D7670E002A9C34 /* TodoController.swift in Sources */,
			);
			runOnlyForDeploymentPostprocessing = 0;
		};
/* End PBXSourcesBuildPhase section */

/* Begin PBXVariantGroup section */
		0B74750D22D36AE2002A9C34 /* Main.storyboard */ = {
			isa = PBXVariantGroup;
			children = (
				0B74750E22D36AE2002A9C34 /* Base */,
			);
			name = Main.storyboard;
			sourceTree = "<group>";
		};
		0B74751222D36AE3002A9C34 /* LaunchScreen.storyboard */ = {
			isa = PBXVariantGroup;
			children = (
				0B74751322D36AE3002A9C34 /* Base */,
			);
			name = LaunchScreen.storyboard;
			sourceTree = "<group>";
		};
/* End PBXVariantGroup section */

/* Begin XCBuildConfiguration section */
		0B74751622D36AE3002A9C34 /* Debug */ = {
			isa = XCBuildConfiguration;
			buildSettings = {
				ALWAYS_SEARCH_USER_PATHS = NO;
				CLANG_ANALYZER_NONNULL = YES;
				CLANG_ANALYZER_NUMBER_OBJECT_CONVERSION = YES_AGGRESSIVE;
				CLANG_CXX_LANGUAGE_STANDARD = "gnu++14";
				CLANG_CXX_LIBRARY = "libc++";
				CLANG_ENABLE_MODULES = YES;
				CLANG_ENABLE_OBJC_ARC = YES;
				CLANG_ENABLE_OBJC_WEAK = YES;
				CLANG_WARN_BLOCK_CAPTURE_AUTORELEASING = YES;
				CLANG_WARN_BOOL_CONVERSION = YES;
				CLANG_WARN_COMMA = YES;
				CLANG_WARN_CONSTANT_CONVERSION = YES;
				CLANG_WARN_DEPRECATED_OBJC_IMPLEMENTATIONS = YES;
				CLANG_WARN_DIRECT_OBJC_ISA_USAGE = YES_ERROR;
				CLANG_WARN_DOCUMENTATION_COMMENTS = YES;
				CLANG_WARN_EMPTY_BODY = YES;
				CLANG_WARN_ENUM_CONVERSION = YES;
				CLANG_WARN_INFINITE_RECURSION = YES;
				CLANG_WARN_INT_CONVERSION = YES;
				CLANG_WARN_NON_LITERAL_NULL_CONVERSION = YES;
				CLANG_WARN_OBJC_IMPLICIT_RETAIN_SELF = YES;
				CLANG_WARN_OBJC_LITERAL_CONVERSION = YES;
				CLANG_WARN_OBJC_ROOT_CLASS = YES_ERROR;
				CLANG_WARN_RANGE_LOOP_ANALYSIS = YES;
				CLANG_WARN_STRICT_PROTOTYPES = YES;
				CLANG_WARN_SUSPICIOUS_MOVE = YES;
				CLANG_WARN_UNGUARDED_AVAILABILITY = YES_AGGRESSIVE;
				CLANG_WARN_UNREACHABLE_CODE = YES;
				CLANG_WARN__DUPLICATE_METHOD_MATCH = YES;
				CODE_SIGN_IDENTITY = "iPhone Developer";
				COPY_PHASE_STRIP = NO;
				DEBUG_INFORMATION_FORMAT = dwarf;
				ENABLE_STRICT_OBJC_MSGSEND = YES;
				ENABLE_TESTABILITY = YES;
				GCC_C_LANGUAGE_STANDARD = gnu11;
				GCC_DYNAMIC_NO_PIC = NO;
				GCC_NO_COMMON_BLOCKS = YES;
				GCC_OPTIMIZATION_LEVEL = 0;
				GCC_PREPROCESSOR_DEFINITIONS = (
					"DEBUG=1",
					"$(inherited)",
				);
				GCC_WARN_64_TO_32_BIT_CONVERSION = YES;
				GCC_WARN_ABOUT_RETURN_TYPE = YES_ERROR;
				GCC_WARN_UNDECLARED_SELECTOR = YES;
				GCC_WARN_UNINITIALIZED_AUTOS = YES_AGGRESSIVE;
				GCC_WARN_UNUSED_FUNCTION = YES;
				GCC_WARN_UNUSED_VARIABLE = YES;
				IPHONEOS_DEPLOYMENT_TARGET = 12.2;
				MTL_ENABLE_DEBUG_INFO = INCLUDE_SOURCE;
				MTL_FAST_MATH = YES;
				ONLY_ACTIVE_ARCH = YES;
				SDKROOT = iphoneos;
				SWIFT_ACTIVE_COMPILATION_CONDITIONS = DEBUG;
				SWIFT_OPTIMIZATION_LEVEL = "-Onone";
			};
			name = Debug;
		};
		0B74751722D36AE3002A9C34 /* Release */ = {
			isa = XCBuildConfiguration;
			buildSettings = {
				ALWAYS_SEARCH_USER_PATHS = NO;
				CLANG_ANALYZER_NONNULL = YES;
				CLANG_ANALYZER_NUMBER_OBJECT_CONVERSION = YES_AGGRESSIVE;
				CLANG_CXX_LANGUAGE_STANDARD = "gnu++14";
				CLANG_CXX_LIBRARY = "libc++";
				CLANG_ENABLE_MODULES = YES;
				CLANG_ENABLE_OBJC_ARC = YES;
				CLANG_ENABLE_OBJC_WEAK = YES;
				CLANG_WARN_BLOCK_CAPTURE_AUTORELEASING = YES;
				CLANG_WARN_BOOL_CONVERSION = YES;
				CLANG_WARN_COMMA = YES;
				CLANG_WARN_CONSTANT_CONVERSION = YES;
				CLANG_WARN_DEPRECATED_OBJC_IMPLEMENTATIONS = YES;
				CLANG_WARN_DIRECT_OBJC_ISA_USAGE = YES_ERROR;
				CLANG_WARN_DOCUMENTATION_COMMENTS = YES;
				CLANG_WARN_EMPTY_BODY = YES;
				CLANG_WARN_ENUM_CONVERSION = YES;
				CLANG_WARN_INFINITE_RECURSION = YES;
				CLANG_WARN_INT_CONVERSION = YES;
				CLANG_WARN_NON_LITERAL_NULL_CONVERSION = YES;
				CLANG_WARN_OBJC_IMPLICIT_RETAIN_SELF = YES;
				CLANG_WARN_OBJC_LITERAL_CONVERSION = YES;
				CLANG_WARN_OBJC_ROOT_CLASS = YES_ERROR;
				CLANG_WARN_RANGE_LOOP_ANALYSIS = YES;
				CLANG_WARN_STRICT_PROTOTYPES = YES;
				CLANG_WARN_SUSPICIOUS_MOVE = YES;
				CLANG_WARN_UNGUARDED_AVAILABILITY = YES_AGGRESSIVE;
				CLANG_WARN_UNREACHABLE_CODE = YES;
				CLANG_WARN__DUPLICATE_METHOD_MATCH = YES;
				CODE_SIGN_IDENTITY = "iPhone Developer";
				COPY_PHASE_STRIP = NO;
				DEBUG_INFORMATION_FORMAT = "dwarf-with-dsym";
				ENABLE_NS_ASSERTIONS = NO;
				ENABLE_STRICT_OBJC_MSGSEND = YES;
				GCC_C_LANGUAGE_STANDARD = gnu11;
				GCC_NO_COMMON_BLOCKS = YES;
				GCC_WARN_64_TO_32_BIT_CONVERSION = YES;
				GCC_WARN_ABOUT_RETURN_TYPE = YES_ERROR;
				GCC_WARN_UNDECLARED_SELECTOR = YES;
				GCC_WARN_UNINITIALIZED_AUTOS = YES_AGGRESSIVE;
				GCC_WARN_UNUSED_FUNCTION = YES;
				GCC_WARN_UNUSED_VARIABLE = YES;
				IPHONEOS_DEPLOYMENT_TARGET = 12.2;
				MTL_ENABLE_DEBUG_INFO = NO;
				MTL_FAST_MATH = YES;
				SDKROOT = iphoneos;
				SWIFT_COMPILATION_MODE = wholemodule;
				SWIFT_OPTIMIZATION_LEVEL = "-O";
				VALIDATE_PRODUCT = YES;
			};
			name = Release;
		};
		0B74751922D36AE3002A9C34 /* Debug */ = {
			isa = XCBuildConfiguration;
			buildSettings = {
				ASSETCATALOG_COMPILER_APPICON_NAME = AppIcon;
				CODE_SIGN_STYLE = Automatic;
				INFOPLIST_FILE = Todos/Info.plist;
				LD_RUNPATH_SEARCH_PATHS = (
					"$(inherited)",
					"@executable_path/Frameworks",
				);
				PRODUCT_BUNDLE_IDENTIFIER = com.Francisco.Todos;
				PRODUCT_NAME = "$(TARGET_NAME)";
				SWIFT_VERSION = 5.0;
				TARGETED_DEVICE_FAMILY = "1,2";
			};
			name = Debug;
		};
		0B74751A22D36AE3002A9C34 /* Release */ = {
			isa = XCBuildConfiguration;
			buildSettings = {
				ASSETCATALOG_COMPILER_APPICON_NAME = AppIcon;
				CODE_SIGN_STYLE = Automatic;
				INFOPLIST_FILE = Todos/Info.plist;
				LD_RUNPATH_SEARCH_PATHS = (
					"$(inherited)",
					"@executable_path/Frameworks",
				);
				PRODUCT_BUNDLE_IDENTIFIER = com.Francisco.Todos;
				PRODUCT_NAME = "$(TARGET_NAME)";
				SWIFT_VERSION = 5.0;
				TARGETED_DEVICE_FAMILY = "1,2";
			};
			name = Release;
		};
/* End XCBuildConfiguration section */

/* Begin XCConfigurationList section */
		0B74750122D36AE2002A9C34 /* Build configuration list for PBXProject "Todos" */ = {
			isa = XCConfigurationList;
			buildConfigurations = (
				0B74751622D36AE3002A9C34 /* Debug */,
				0B74751722D36AE3002A9C34 /* Release */,
			);
			defaultConfigurationIsVisible = 0;
			defaultConfigurationName = Release;
		};
		0B74751822D36AE3002A9C34 /* Build configuration list for PBXNativeTarget "Todos" */ = {
			isa = XCConfigurationList;
			buildConfigurations = (
				0B74751922D36AE3002A9C34 /* Debug */,
				0B74751A22D36AE3002A9C34 /* Release */,
			);
			defaultConfigurationIsVisible = 0;
			defaultConfigurationName = Release;
		};
/* End XCConfigurationList section */
	};
	rootObject = 0B7474FE22D36AE2002A9C34 /* Project object */;
}
